
Microsoft Visual Studio Solution File, Format Version 12.00
# Visual Studio Version 16
VisualStudioVersion = 16.0.29306.81
MinimumVisualStudioVersion = 10.0.40219.1
Project("{8BC9CEB8-8B4A-11D0-8D11-00A0C91BC942}") = "MIDI_Controller_v1-2", "MIDI_Controller_v1-2.vcxproj", "{C5F80730-F44F-4478-BDAE-6634EFC2CA88}"
EndProject
Project("{8BC9CEB8-8B4A-11D0-8D11-00A0C91BC942}") = "Parola_Scrolling", "..\Arduino\libraries\MD_Parola-3.2.0\examples\Parola_Scrolling\Parola_Scrolling.vcxproj", "{66E1A5D3-2F00-40F5-B247-9B65597AD6AF}"
EndProject
Project("{8BC9CEB8-8B4A-11D0-8D11-00A0C91BC942}") = "Parola_HelloWorld", "..\Arduino\libraries\MD_Parola-3.2.0\examples\Parola_HelloWorld\Parola_HelloWorld.vcxproj", "{C64CB07C-B7C5-4876-A4D4-F2BA14C136E8}"
EndProject
Global
	GlobalSection(SolutionConfigurationPlatforms) = preSolution
		Debug|x86 = Debug|x86
		Release|x86 = Release|x86
	EndGlobalSection
	GlobalSection(ProjectConfigurationPlatforms) = postSolution
		{C5F80730-F44F-4478-BDAE-6634EFC2CA88}.Debug|x86.ActiveCfg = Debug|Win32
		{C5F80730-F44F-4478-BDAE-6634EFC2CA88}.Debug|x86.Build.0 = Debug|Win32
		{C5F80730-F44F-4478-BDAE-6634EFC2CA88}.Release|x86.ActiveCfg = Release|Win32
		{C5F80730-F44F-4478-BDAE-6634EFC2CA88}.Release|x86.Build.0 = Release|Win32
		{66E1A5D3-2F00-40F5-B247-9B65597AD6AF}.Debug|x86.ActiveCfg = Debug|Win32
		{66E1A5D3-2F00-40F5-B247-9B65597AD6AF}.Debug|x86.Build.0 = Debug|Win32
		{66E1A5D3-2F00-40F5-B247-9B65597AD6AF}.Release|x86.ActiveCfg = Release|Win32
		{66E1A5D3-2F00-40F5-B247-9B65597AD6AF}.Release|x86.Build.0 = Release|Win32
		{C64CB07C-B7C5-4876-A4D4-F2BA14C136E8}.Debug|x86.ActiveCfg = Debug|Win32
		{C64CB07C-B7C5-4876-A4D4-F2BA14C136E8}.Debug|x86.Build.0 = Debug|Win32
		{C64CB07C-B7C5-4876-A4D4-F2BA14C136E8}.Release|x86.ActiveCfg = Release|Win32
		{C64CB07C-B7C5-4876-A4D4-F2BA14C136E8}.Release|x86.Build.0 = Release|Win32
	EndGlobalSection
	GlobalSection(SolutionProperties) = preSolution
		HideSolutionNode = FALSE
	EndGlobalSection
	GlobalSection(ExtensibilityGlobals) = postSolution
		SolutionGuid = {9EAD1C3F-032B-450B-9097-828370BCF773}
	EndGlobalSection
EndGlobal
